
Microsoft Visual Studio Solution File, Format Version 12.00
# Visual Studio 15
VisualStudioVersion = 15.0.28307.902
MinimumVisualStudioVersion = 10.0.40219.1
Project("{FAE04EC0-301F-11D3-BF4B-00C04F79EFBC}") = "Reservaciones", "Reservaciones\Reservaciones.csproj", "{ACBD57D4-1F78-401C-99F9-9EF079952F84}"
EndProject
Global
	GlobalSection(SolutionConfigurationPlatforms) = preSolution
		Debug|Any CPU = Debug|Any CPU
		Release|Any CPU = Release|Any CPU
	EndGlobalSection
	GlobalSection(ProjectConfigurationPlatforms) = postSolution
		{ACBD57D4-1F78-401C-99F9-9EF079952F84}.Debug|Any CPU.ActiveCfg = Debug|Any CPU
		{ACBD57D4-1F78-401C-99F9-9EF079952F84}.Debug|Any CPU.Build.0 = Debug|Any CPU
		{ACBD57D4-1F78-401C-99F9-9EF079952F84}.Release|Any CPU.ActiveCfg = Release|Any CPU
		{ACBD57D4-1F78-401C-99F9-9EF079952F84}.Release|Any CPU.Build.0 = Release|Any CPU
	EndGlobalSection
	GlobalSection(SolutionProperties) = preSolution
		HideSolutionNode = FALSE
	EndGlobalSection
	GlobalSection(ExtensibilityGlobals) = postSolution
		SolutionGuid = {793CAFDF-6190-4DD4-8FB7-1FC7692251F7}
	EndGlobalSection
EndGlobal
